
Microsoft Visual Studio Solution File, Format Version 12.00
# Visual Studio Version 16
VisualStudioVersion = 16.0.29521.150
MinimumVisualStudioVersion = 10.0.40219.1
Project("{FAE04EC0-301F-11D3-BF4B-00C04F79EFBC}") = "DataAccess", "DataAccess\DataAccess.csproj", "{14F0EAC2-4864-4FEE-B248-412D79D4A42B}"
EndProject
Project("{FAE04EC0-301F-11D3-BF4B-00C04F79EFBC}") = "Domain", "Domain\Domain.csproj", "{9D25E94F-1F2C-45A9-AF74-71EC6C4DB0E3}"
EndProject
Project("{FAE04EC0-301F-11D3-BF4B-00C04F79EFBC}") = "Presentation", "Presentation\Presentation.csproj", "{6099CE48-BCE9-47E0-BF7F-DD808828BADC}"
EndProject
Global
	GlobalSection(SolutionConfigurationPlatforms) = preSolution
		Debug|Any CPU = Debug|Any CPU
		Release|Any CPU = Release|Any CPU
	EndGlobalSection
	GlobalSection(ProjectConfigurationPlatforms) = postSolution
		{14F0EAC2-4864-4FEE-B248-412D79D4A42B}.Debug|Any CPU.ActiveCfg = Debug|Any CPU
		{14F0EAC2-4864-4FEE-B248-412D79D4A42B}.Debug|Any CPU.Build.0 = Debug|Any CPU
		{14F0EAC2-4864-4FEE-B248-412D79D4A42B}.Release|Any CPU.ActiveCfg = Release|Any CPU
		{14F0EAC2-4864-4FEE-B248-412D79D4A42B}.Release|Any CPU.Build.0 = Release|Any CPU
		{9D25E94F-1F2C-45A9-AF74-71EC6C4DB0E3}.Debug|Any CPU.ActiveCfg = Debug|Any CPU
		{9D25E94F-1F2C-45A9-AF74-71EC6C4DB0E3}.Debug|Any CPU.Build.0 = Debug|Any CPU
		{9D25E94F-1F2C-45A9-AF74-71EC6C4DB0E3}.Release|Any CPU.ActiveCfg = Release|Any CPU
		{9D25E94F-1F2C-45A9-AF74-71EC6C4DB0E3}.Release|Any CPU.Build.0 = Release|Any CPU
		{6099CE48-BCE9-47E0-BF7F-DD808828BADC}.Debug|Any CPU.ActiveCfg = Debug|Any CPU
		{6099CE48-BCE9-47E0-BF7F-DD808828BADC}.Debug|Any CPU.Build.0 = Debug|Any CPU
		{6099CE48-BCE9-47E0-BF7F-DD808828BADC}.Release|Any CPU.ActiveCfg = Release|Any CPU
		{6099CE48-BCE9-47E0-BF7F-DD808828BADC}.Release|Any CPU.Build.0 = Release|Any CPU
	EndGlobalSection
	GlobalSection(SolutionProperties) = preSolution
		HideSolutionNode = FALSE
	EndGlobalSection
	GlobalSection(ExtensibilityGlobals) = postSolution
		SolutionGuid = {79D1359C-0DF3-4DDD-BE81-4579B3F72DCF}
	EndGlobalSection
EndGlobal
